
Microsoft Visual Studio Solution File, Format Version 12.00
# Visual Studio Version 16
VisualStudioVersion = 16.0.31112.23
MinimumVisualStudioVersion = 10.0.40219.1
Project("{FAE04EC0-301F-11D3-BF4B-00C04F79EFBC}") = "EF_Reverse_Engineering_My_Library", "EF_Reverse_Engineering_My_Library.csproj", "{32C121FB-D010-4383-8545-144ADE1AC099}"
EndProject
Global
	GlobalSection(SolutionConfigurationPlatforms) = preSolution
		Debug|Any CPU = Debug|Any CPU
		Release|Any CPU = Release|Any CPU
	EndGlobalSection
	GlobalSection(ProjectConfigurationPlatforms) = postSolution
		{32C121FB-D010-4383-8545-144ADE1AC099}.Debug|Any CPU.ActiveCfg = Debug|Any CPU
		{32C121FB-D010-4383-8545-144ADE1AC099}.Debug|Any CPU.Build.0 = Debug|Any CPU
		{32C121FB-D010-4383-8545-144ADE1AC099}.Release|Any CPU.ActiveCfg = Release|Any CPU
		{32C121FB-D010-4383-8545-144ADE1AC099}.Release|Any CPU.Build.0 = Release|Any CPU
	EndGlobalSection
	GlobalSection(SolutionProperties) = preSolution
		HideSolutionNode = FALSE
	EndGlobalSection
	GlobalSection(ExtensibilityGlobals) = postSolution
		SolutionGuid = {CF515641-C5A5-4CCA-A61B-165B3DC8BA0B}
	EndGlobalSection
EndGlobal
